
Microsoft Visual Studio Solution File, Format Version 12.00
# Visual Studio Version 16
VisualStudioVersion = 16.0.30621.155
MinimumVisualStudioVersion = 10.0.40219.1
Project("{FAE04EC0-301F-11D3-BF4B-00C04F79EFBC}") = "18.03.2021", "18.03.2021\18.03.2021.csproj", "{2E76F782-18E6-4083-A115-F63D71E6B5B9}"
EndProject
Global
	GlobalSection(SolutionConfigurationPlatforms) = preSolution
		Debug|Any CPU = Debug|Any CPU
		Release|Any CPU = Release|Any CPU
	EndGlobalSection
	GlobalSection(ProjectConfigurationPlatforms) = postSolution
		{2E76F782-18E6-4083-A115-F63D71E6B5B9}.Debug|Any CPU.ActiveCfg = Debug|Any CPU
		{2E76F782-18E6-4083-A115-F63D71E6B5B9}.Debug|Any CPU.Build.0 = Debug|Any CPU
		{2E76F782-18E6-4083-A115-F63D71E6B5B9}.Release|Any CPU.ActiveCfg = Release|Any CPU
		{2E76F782-18E6-4083-A115-F63D71E6B5B9}.Release|Any CPU.Build.0 = Release|Any CPU
	EndGlobalSection
	GlobalSection(SolutionProperties) = preSolution
		HideSolutionNode = FALSE
	EndGlobalSection
	GlobalSection(ExtensibilityGlobals) = postSolution
		SolutionGuid = {6E31CAA0-EE3D-442B-BCEE-F20E3848763B}
	EndGlobalSection
EndGlobal
