
Microsoft Visual Studio Solution File, Format Version 12.00
# Visual Studio Version 16
VisualStudioVersion = 16.0.30621.155
MinimumVisualStudioVersion = 10.0.40219.1
Project("{FAE04EC0-301F-11D3-BF4B-00C04F79EFBC}") = "Messenger", "Messenger\Messenger.csproj", "{431D66C9-AFC3-4820-9CAD-1D0CD9FB6D62}"
EndProject
Global
	GlobalSection(SolutionConfigurationPlatforms) = preSolution
		Debug|Any CPU = Debug|Any CPU
		Release|Any CPU = Release|Any CPU
	EndGlobalSection
	GlobalSection(ProjectConfigurationPlatforms) = postSolution
		{431D66C9-AFC3-4820-9CAD-1D0CD9FB6D62}.Debug|Any CPU.ActiveCfg = Debug|Any CPU
		{431D66C9-AFC3-4820-9CAD-1D0CD9FB6D62}.Debug|Any CPU.Build.0 = Debug|Any CPU
		{431D66C9-AFC3-4820-9CAD-1D0CD9FB6D62}.Release|Any CPU.ActiveCfg = Release|Any CPU
		{431D66C9-AFC3-4820-9CAD-1D0CD9FB6D62}.Release|Any CPU.Build.0 = Release|Any CPU
	EndGlobalSection
	GlobalSection(SolutionProperties) = preSolution
		HideSolutionNode = FALSE
	EndGlobalSection
	GlobalSection(ExtensibilityGlobals) = postSolution
		SolutionGuid = {B27816FB-B3EE-46C0-951B-8514AF9BA3B8}
	EndGlobalSection
EndGlobal
