
Microsoft Visual Studio Solution File, Format Version 12.00
# Visual Studio Version 16
VisualStudioVersion = 16.0.31105.61
MinimumVisualStudioVersion = 10.0.40219.1
Project("{FAE04EC0-301F-11D3-BF4B-00C04F79EFBC}") = "23.02.2021", "23.02.2021\23.02.2021.csproj", "{990F6B25-35EF-4C9A-868A-102768EFACDB}"
EndProject
Global
	GlobalSection(SolutionConfigurationPlatforms) = preSolution
		Debug|Any CPU = Debug|Any CPU
		Release|Any CPU = Release|Any CPU
	EndGlobalSection
	GlobalSection(ProjectConfigurationPlatforms) = postSolution
		{990F6B25-35EF-4C9A-868A-102768EFACDB}.Debug|Any CPU.ActiveCfg = Debug|Any CPU
		{990F6B25-35EF-4C9A-868A-102768EFACDB}.Debug|Any CPU.Build.0 = Debug|Any CPU
		{990F6B25-35EF-4C9A-868A-102768EFACDB}.Release|Any CPU.ActiveCfg = Release|Any CPU
		{990F6B25-35EF-4C9A-868A-102768EFACDB}.Release|Any CPU.Build.0 = Release|Any CPU
	EndGlobalSection
	GlobalSection(SolutionProperties) = preSolution
		HideSolutionNode = FALSE
	EndGlobalSection
	GlobalSection(ExtensibilityGlobals) = postSolution
		SolutionGuid = {726F21F8-55D6-4DF7-AC28-40BECAE97950}
	EndGlobalSection
EndGlobal
